
Microsoft Visual Studio Solution File, Format Version 12.00
# Visual Studio Version 18
VisualStudioVersion = 18.2.11408.102
MinimumVisualStudioVersion = 17.8.0.0
Project("{9A19103F-16F7-4668-BE54-9A1E7A4F7556}") = "SistemaExamen.AppHost", "SistemaExamen.AppHost\SistemaExamen.AppHost.csproj", "{583102C3-74A5-4C1C-8EF8-3F3202322FFC}"
EndProject
Project("{9A19103F-16F7-4668-BE54-9A1E7A4F7556}") = "SistemaExamen.ServiceDefaults", "SistemaExamen.ServiceDefaults\SistemaExamen.ServiceDefaults.csproj", "{D310DE60-8C42-486F-A671-66AE53DE3FDE}"
EndProject
Project("{FAE04EC0-301F-11D3-BF4B-00C04F79EFBC}") = "Examenes.Shared", "Examenes.Shared\Examenes.Shared.csproj", "{CECF4CC1-E1A5-428F-AA32-45EEE6BC078E}"
EndProject
Project("{FAE04EC0-301F-11D3-BF4B-00C04F79EFBC}") = "Examenes.Server", "Examenes.Server\Examenes.Server.csproj", "{37280152-EA1A-4914-8317-B1892E7C2EEF}"
EndProject
Project("{FAE04EC0-301F-11D3-BF4B-00C04F79EFBC}") = "Examenes.Simulator", "Examenes.Simulator\Examenes.Simulator.csproj", "{504E6A21-CBCA-40F4-B687-826CA5C7D527}"
EndProject
Project("{2150E333-8FDC-42A3-9474-1A3956D46DE8}") = "noa", "noa", "{7C7E294C-02C0-419E-84A4-C57E0E5B66C6}"
EndProject
Project("{FAE04EC0-301F-11D3-BF4B-00C04F79EFBC}") = "noa.AppHost", "noa\noa.AppHost\noa.AppHost.csproj", "{C821B0DF-BFB5-4A15-BD90-31D18F68DF15}"
EndProject
Project("{FAE04EC0-301F-11D3-BF4B-00C04F79EFBC}") = "noa.ServiceDefaults", "noa\noa.ServiceDefaults\noa.ServiceDefaults.csproj", "{84D1F70D-F678-762D-1F17-7AEA3EC61585}"
EndProject
Project("{FAE04EC0-301F-11D3-BF4B-00C04F79EFBC}") = "noa.ApiService", "noa\noa.ApiService\noa.ApiService.csproj", "{F261B19A-56F4-CF78-2C9A-B9D4635501CE}"
EndProject
Project("{FAE04EC0-301F-11D3-BF4B-00C04F79EFBC}") = "noa.Web", "noa\noa.Web\noa.Web.csproj", "{1877258D-588F-A6FE-BB8C-4BD163D4A179}"
EndProject
Project("{2150E333-8FDC-42A3-9474-1A3956D46DE8}") = "Solution Items", "Solution Items", "{5D7BB1F3-839F-4BDD-89FB-C3EF71275309}"
	ProjectSection(SolutionItems) = preProject
		.editorconfig = .editorconfig
	EndProjectSection
EndProject
Global
	GlobalSection(SolutionConfigurationPlatforms) = preSolution
		Debug|Any CPU = Debug|Any CPU
		Debug|x64 = Debug|x64
		Debug|x86 = Debug|x86
		Release|Any CPU = Release|Any CPU
		Release|x64 = Release|x64
		Release|x86 = Release|x86
	EndGlobalSection
	GlobalSection(ProjectConfigurationPlatforms) = postSolution
		{583102C3-74A5-4C1C-8EF8-3F3202322FFC}.Debug|Any CPU.ActiveCfg = Debug|Any CPU
		{583102C3-74A5-4C1C-8EF8-3F3202322FFC}.Debug|Any CPU.Build.0 = Debug|Any CPU
		{583102C3-74A5-4C1C-8EF8-3F3202322FFC}.Debug|x64.ActiveCfg = Debug|Any CPU
		{583102C3-74A5-4C1C-8EF8-3F3202322FFC}.Debug|x64.Build.0 = Debug|Any CPU
		{583102C3-74A5-4C1C-8EF8-3F3202322FFC}.Debug|x86.ActiveCfg = Debug|Any CPU
		{583102C3-74A5-4C1C-8EF8-3F3202322FFC}.Debug|x86.Build.0 = Debug|Any CPU
		{583102C3-74A5-4C1C-8EF8-3F3202322FFC}.Release|Any CPU.ActiveCfg = Release|Any CPU
		{583102C3-74A5-4C1C-8EF8-3F3202322FFC}.Release|Any CPU.Build.0 = Release|Any CPU
		{583102C3-74A5-4C1C-8EF8-3F3202322FFC}.Release|x64.ActiveCfg = Release|Any CPU
		{583102C3-74A5-4C1C-8EF8-3F3202322FFC}.Release|x64.Build.0 = Release|Any CPU
		{583102C3-74A5-4C1C-8EF8-3F3202322FFC}.Release|x86.ActiveCfg = Release|Any CPU
		{583102C3-74A5-4C1C-8EF8-3F3202322FFC}.Release|x86.Build.0 = Release|Any CPU
		{D310DE60-8C42-486F-A671-66AE53DE3FDE}.Debug|Any CPU.ActiveCfg = Debug|Any CPU
		{D310DE60-8C42-486F-A671-66AE53DE3FDE}.Debug|Any CPU.Build.0 = Debug|Any CPU
		{D310DE60-8C42-486F-A671-66AE53DE3FDE}.Debug|x64.ActiveCfg = Debug|Any CPU
		{D310DE60-8C42-486F-A671-66AE53DE3FDE}.Debug|x64.Build.0 = Debug|Any CPU
		{D310DE60-8C42-486F-A671-66AE53DE3FDE}.Debug|x86.ActiveCfg = Debug|Any CPU
		{D310DE60-8C42-486F-A671-66AE53DE3FDE}.Debug|x86.Build.0 = Debug|Any CPU
		{D310DE60-8C42-486F-A671-66AE53DE3FDE}.Release|Any CPU.ActiveCfg = Release|Any CPU
		{D310DE60-8C42-486F-A671-66AE53DE3FDE}.Release|Any CPU.Build.0 = Release|Any CPU
		{D310DE60-8C42-486F-A671-66AE53DE3FDE}.Release|x64.ActiveCfg = Release|Any CPU
		{D310DE60-8C42-486F-A671-66AE53DE3FDE}.Release|x64.Build.0 = Release|Any CPU
		{D310DE60-8C42-486F-A671-66AE53DE3FDE}.Release|x86.ActiveCfg = Release|Any CPU
		{D310DE60-8C42-486F-A671-66AE53DE3FDE}.Release|x86.Build.0 = Release|Any CPU
		{CECF4CC1-E1A5-428F-AA32-45EEE6BC078E}.Debug|Any CPU.ActiveCfg = Debug|Any CPU
		{CECF4CC1-E1A5-428F-AA32-45EEE6BC078E}.Debug|Any CPU.Build.0 = Debug|Any CPU
		{CECF4CC1-E1A5-428F-AA32-45EEE6BC078E}.Debug|x64.ActiveCfg = Debug|Any CPU
		{CECF4CC1-E1A5-428F-AA32-45EEE6BC078E}.Debug|x64.Build.0 = Debug|Any CPU
		{CECF4CC1-E1A5-428F-AA32-45EEE6BC078E}.Debug|x86.ActiveCfg = Debug|Any CPU
		{CECF4CC1-E1A5-428F-AA32-45EEE6BC078E}.Debug|x86.Build.0 = Debug|Any CPU
		{CECF4CC1-E1A5-428F-AA32-45EEE6BC078E}.Release|Any CPU.ActiveCfg = Release|Any CPU
		{CECF4CC1-E1A5-428F-AA32-45EEE6BC078E}.Release|Any CPU.Build.0 = Release|Any CPU
		{CECF4CC1-E1A5-428F-AA32-45EEE6BC078E}.Release|x64.ActiveCfg = Release|Any CPU
		{CECF4CC1-E1A5-428F-AA32-45EEE6BC078E}.Release|x64.Build.0 = Release|Any CPU
		{CECF4CC1-E1A5-428F-AA32-45EEE6BC078E}.Release|x86.ActiveCfg = Release|Any CPU
		{CECF4CC1-E1A5-428F-AA32-45EEE6BC078E}.Release|x86.Build.0 = Release|Any CPU
		{37280152-EA1A-4914-8317-B1892E7C2EEF}.Debug|Any CPU.ActiveCfg = Debug|Any CPU
		{37280152-EA1A-4914-8317-B1892E7C2EEF}.Debug|Any CPU.Build.0 = Debug|Any CPU
		{37280152-EA1A-4914-8317-B1892E7C2EEF}.Debug|x64.ActiveCfg = Debug|Any CPU
		{37280152-EA1A-4914-8317-B1892E7C2EEF}.Debug|x64.Build.0 = Debug|Any CPU
		{37280152-EA1A-4914-8317-B1892E7C2EEF}.Debug|x86.ActiveCfg = Debug|Any CPU
		{37280152-EA1A-4914-8317-B1892E7C2EEF}.Debug|x86.Build.0 = Debug|Any CPU
		{37280152-EA1A-4914-8317-B1892E7C2EEF}.Release|Any CPU.ActiveCfg = Release|Any CPU
		{37280152-EA1A-4914-8317-B1892E7C2EEF}.Release|Any CPU.Build.0 = Release|Any CPU
		{37280152-EA1A-4914-8317-B1892E7C2EEF}.Release|x64.ActiveCfg = Release|Any CPU
		{37280152-EA1A-4914-8317-B1892E7C2EEF}.Release|x64.Build.0 = Release|Any CPU
		{37280152-EA1A-4914-8317-B1892E7C2EEF}.Release|x86.ActiveCfg = Release|Any CPU
		{37280152-EA1A-4914-8317-B1892E7C2EEF}.Release|x86.Build.0 = Release|Any CPU
		{504E6A21-CBCA-40F4-B687-826CA5C7D527}.Debug|Any CPU.ActiveCfg = Debug|Any CPU
		{504E6A21-CBCA-40F4-B687-826CA5C7D527}.Debug|Any CPU.Build.0 = Debug|Any CPU
		{504E6A21-CBCA-40F4-B687-826CA5C7D527}.Debug|x64.ActiveCfg = Debug|Any CPU
		{504E6A21-CBCA-40F4-B687-826CA5C7D527}.Debug|x64.Build.0 = Debug|Any CPU
		{504E6A21-CBCA-40F4-B687-826CA5C7D527}.Debug|x86.ActiveCfg = Debug|Any CPU
		{504E6A21-CBCA-40F4-B687-826CA5C7D527}.Debug|x86.Build.0 = Debug|Any CPU
		{504E6A21-CBCA-40F4-B687-826CA5C7D527}.Release|Any CPU.ActiveCfg = Release|Any CPU
		{504E6A21-CBCA-40F4-B687-826CA5C7D527}.Release|Any CPU.Build.0 = Release|Any CPU
		{504E6A21-CBCA-40F4-B687-826CA5C7D527}.Release|x64.ActiveCfg = Release|Any CPU
		{504E6A21-CBCA-40F4-B687-826CA5C7D527}.Release|x64.Build.0 = Release|Any CPU
		{504E6A21-CBCA-40F4-B687-826CA5C7D527}.Release|x86.ActiveCfg = Release|Any CPU
		{504E6A21-CBCA-40F4-B687-826CA5C7D527}.Release|x86.Build.0 = Release|Any CPU
		{C821B0DF-BFB5-4A15-BD90-31D18F68DF15}.Debug|Any CPU.ActiveCfg = Debug|Any CPU
		{C821B0DF-BFB5-4A15-BD90-31D18F68DF15}.Debug|Any CPU.Build.0 = Debug|Any CPU
		{C821B0DF-BFB5-4A15-BD90-31D18F68DF15}.Debug|x64.ActiveCfg = Debug|Any CPU
		{C821B0DF-BFB5-4A15-BD90-31D18F68DF15}.Debug|x64.Build.0 = Debug|Any CPU
		{C821B0DF-BFB5-4A15-BD90-31D18F68DF15}.Debug|x86.ActiveCfg = Debug|Any CPU
		{C821B0DF-BFB5-4A15-BD90-31D18F68DF15}.Debug|x86.Build.0 = Debug|Any CPU
		{C821B0DF-BFB5-4A15-BD90-31D18F68DF15}.Release|Any CPU.ActiveCfg = Release|Any CPU
		{C821B0DF-BFB5-4A15-BD90-31D18F68DF15}.Release|Any CPU.Build.0 = Release|Any CPU
		{C821B0DF-BFB5-4A15-BD90-31D18F68DF15}.Release|x64.ActiveCfg = Release|Any CPU
		{C821B0DF-BFB5-4A15-BD90-31D18F68DF15}.Release|x64.Build.0 = Release|Any CPU
		{C821B0DF-BFB5-4A15-BD90-31D18F68DF15}.Release|x86.ActiveCfg = Release|Any CPU
		{C821B0DF-BFB5-4A15-BD90-31D18F68DF15}.Release|x86.Build.0 = Release|Any CPU
		{84D1F70D-F678-762D-1F17-7AEA3EC61585}.Debug|Any CPU.ActiveCfg = Debug|Any CPU
		{84D1F70D-F678-762D-1F17-7AEA3EC61585}.Debug|Any CPU.Build.0 = Debug|Any CPU
		{84D1F70D-F678-762D-1F17-7AEA3EC61585}.Debug|x64.ActiveCfg = Debug|Any CPU
		{84D1F70D-F678-762D-1F17-7AEA3EC61585}.Debug|x64.Build.0 = Debug|Any CPU
		{84D1F70D-F678-762D-1F17-7AEA3EC61585}.Debug|x86.ActiveCfg = Debug|Any CPU
		{84D1F70D-F678-762D-1F17-7AEA3EC61585}.Debug|x86.Build.0 = Debug|Any CPU
		{84D1F70D-F678-762D-1F17-7AEA3EC61585}.Release|Any CPU.ActiveCfg = Release|Any CPU
		{84D1F70D-F678-762D-1F17-7AEA3EC61585}.Release|Any CPU.Build.0 = Release|Any CPU
		{84D1F70D-F678-762D-1F17-7AEA3EC61585}.Release|x64.ActiveCfg = Release|Any CPU
		{84D1F70D-F678-762D-1F17-7AEA3EC61585}.Release|x64.Build.0 = Release|Any CPU
		{84D1F70D-F678-762D-1F17-7AEA3EC61585}.Release|x86.ActiveCfg = Release|Any CPU
		{84D1F70D-F678-762D-1F17-7AEA3EC61585}.Release|x86.Build.0 = Release|Any CPU
		{F261B19A-56F4-CF78-2C9A-B9D4635501CE}.Debug|Any CPU.ActiveCfg = Debug|Any CPU
		{F261B19A-56F4-CF78-2C9A-B9D4635501CE}.Debug|Any CPU.Build.0 = Debug|Any CPU
		{F261B19A-56F4-CF78-2C9A-B9D4635501CE}.Debug|x64.ActiveCfg = Debug|Any CPU
		{F261B19A-56F4-CF78-2C9A-B9D4635501CE}.Debug|x64.Build.0 = Debug|Any CPU
		{F261B19A-56F4-CF78-2C9A-B9D4635501CE}.Debug|x86.ActiveCfg = Debug|Any CPU
		{F261B19A-56F4-CF78-2C9A-B9D4635501CE}.Debug|x86.Build.0 = Debug|Any CPU
		{F261B19A-56F4-CF78-2C9A-B9D4635501CE}.Release|Any CPU.ActiveCfg = Release|Any CPU
		{F261B19A-56F4-CF78-2C9A-B9D4635501CE}.Release|Any CPU.Build.0 = Release|Any CPU
		{F261B19A-56F4-CF78-2C9A-B9D4635501CE}.Release|x64.ActiveCfg = Release|Any CPU
		{F261B19A-56F4-CF78-2C9A-B9D4635501CE}.Release|x64.Build.0 = Release|Any CPU
		{F261B19A-56F4-CF78-2C9A-B9D4635501CE}.Release|x86.ActiveCfg = Release|Any CPU
		{F261B19A-56F4-CF78-2C9A-B9D4635501CE}.Release|x86.Build.0 = Release|Any CPU
		{1877258D-588F-A6FE-BB8C-4BD163D4A179}.Debug|Any CPU.ActiveCfg = Debug|Any CPU
		{1877258D-588F-A6FE-BB8C-4BD163D4A179}.Debug|Any CPU.Build.0 = Debug|Any CPU
		{1877258D-588F-A6FE-BB8C-4BD163D4A179}.Debug|x64.ActiveCfg = Debug|Any CPU
		{1877258D-588F-A6FE-BB8C-4BD163D4A179}.Debug|x64.Build.0 = Debug|Any CPU
		{1877258D-588F-A6FE-BB8C-4BD163D4A179}.Debug|x86.ActiveCfg = Debug|Any CPU
		{1877258D-588F-A6FE-BB8C-4BD163D4A179}.Debug|x86.Build.0 = Debug|Any CPU
		{1877258D-588F-A6FE-BB8C-4BD163D4A179}.Release|Any CPU.ActiveCfg = Release|Any CPU
		{1877258D-588F-A6FE-BB8C-4BD163D4A179}.Release|Any CPU.Build.0 = Release|Any CPU
		{1877258D-588F-A6FE-BB8C-4BD163D4A179}.Release|x64.ActiveCfg = Release|Any CPU
		{1877258D-588F-A6FE-BB8C-4BD163D4A179}.Release|x64.Build.0 = Release|Any CPU
		{1877258D-588F-A6FE-BB8C-4BD163D4A179}.Release|x86.ActiveCfg = Release|Any CPU
		{1877258D-588F-A6FE-BB8C-4BD163D4A179}.Release|x86.Build.0 = Release|Any CPU
	EndGlobalSection
	GlobalSection(SolutionProperties) = preSolution
		HideSolutionNode = FALSE
	EndGlobalSection
	GlobalSection(NestedProjects) = preSolution
		{C821B0DF-BFB5-4A15-BD90-31D18F68DF15} = {7C7E294C-02C0-419E-84A4-C57E0E5B66C6}
		{84D1F70D-F678-762D-1F17-7AEA3EC61585} = {7C7E294C-02C0-419E-84A4-C57E0E5B66C6}
		{F261B19A-56F4-CF78-2C9A-B9D4635501CE} = {7C7E294C-02C0-419E-84A4-C57E0E5B66C6}
		{1877258D-588F-A6FE-BB8C-4BD163D4A179} = {7C7E294C-02C0-419E-84A4-C57E0E5B66C6}
	EndGlobalSection
	GlobalSection(ExtensibilityGlobals) = postSolution
		SolutionGuid = {21543AD7-10A7-474D-9940-0E59178EE380}
	EndGlobalSection
EndGlobal
